PODS:
  - Alamofire (4.8.2)
  - Firebase/Core (6.1.0):
    - Firebase/CoreOnly
    - FirebaseAnalytics (= 6.0.1)
  - Firebase/CoreOnly (6.1.0):
    - FirebaseCore (= 6.0.1)
  - Firebase/Database (6.1.0):
    - Firebase/CoreOnly
    - FirebaseDatabase (~> 6.0.0)
  - FirebaseAnalytics (6.0.1):
    - FirebaseCore (~> 6.0)
    - FirebaseInstanceID (~> 4.1)
    - GoogleAppMeasurement (= 6.0.1)
    - GoogleUtilities/AppDelegateSwizzler (~> 6.0)
    - GoogleUtilities/MethodSwizzler (~> 6.0)
    - GoogleUtilities/Network (~> 6.0)
    - "GoogleUtilities/NSData+zlib (~> 6.0)"
    - nanopb (~> 0.3)
  - FirebaseAuthInterop (1.0.0)
  - FirebaseCore (6.0.1):
    - GoogleUtilities/Environment (~> 6.0)
    - GoogleUtilities/Logger (~> 6.0)
  - FirebaseDatabase (6.0.0):
    - FirebaseAuthInterop (~> 1.0)
    - FirebaseCore (~> 6.0)
    - leveldb-library (~> 1.18)
  - FirebaseInstanceID (4.1.0):
    - FirebaseCore (~> 6.0)
    - GoogleUtilities/Environment (~> 6.0)
    - GoogleUtilities/UserDefaults (~> 6.0)
  - FLAnimatedImage (1.0.14)
  - GoogleAppMeasurement (6.0.1):
    - GoogleUtilities/AppDelegateSwizzler (~> 6.0)
    - GoogleUtilities/MethodSwizzler (~> 6.0)
    - GoogleUtilities/Network (~> 6.0)
    - "GoogleUtilities/NSData+zlib (~> 6.0)"
    - nanopb (~> 0.3)
  - GoogleUtilities/AppDelegateSwizzler (6.2.0):
    - GoogleUtilities/Environment
    - GoogleUtilities/Logger
    - GoogleUtilities/Network
  - GoogleUtilities/Environment (6.2.0)
  - GoogleUtilities/Logger (6.2.0):
    - GoogleUtilities/Environment
  - GoogleUtilities/MethodSwizzler (6.2.0):
    - GoogleUtilities/Logger
  - GoogleUtilities/Network (6.2.0):
    - GoogleUtilities/Logger
    - "GoogleUtilities/NSData+zlib"
    - GoogleUtilities/Reachability
  - "GoogleUtilities/NSData+zlib (6.2.0)"
  - GoogleUtilities/Reachability (6.2.0):
    - GoogleUtilities/Logger
  - GoogleUtilities/UserDefaults (6.2.0):
    - GoogleUtilities/Logger
  - Kingfisher (4.10.0)
  - leveldb-library (1.20)
  - nanopb (0.3.901):
    - nanopb/decode (= 0.3.901)
    - nanopb/encode (= 0.3.901)
  - nanopb/decode (0.3.901)
  - nanopb/encode (0.3.901)
  - Nantes (0.0.7)
  - Nuke (7.6.3)
  - Nuke-FLAnimatedImage-Plugin (6.1):
    - FLAnimatedImage (~> 1.0)
    - Nuke (~> 7.5)
  - PureLayout (3.1.4)
  - SnapKit (4.2.0)
  - SwiftyJSON (4.2.0)

DEPENDENCIES:
  - Alamofire
  - Firebase/Core
  - Firebase/Database
  - FLAnimatedImage (from `https://github.com/Flipboard/FLAnimatedImage.git`, tag `1.0.14`)
  - Kingfisher (= 4.10.0)
  - Nantes
  - Nuke (~> 7.6)
  - Nuke-FLAnimatedImage-Plugin
  - PureLayout
  - SnapKit (= 4.2.0)
  - SwiftyJSON (= 4.2.0)

SPEC REPOS:
  https://github.com/cocoapods/specs.git:
    - Alamofire
    - Firebase
    - FirebaseAnalytics
    - FirebaseAuthInterop
    - FirebaseCore
    - FirebaseDatabase
    - FirebaseInstanceID
    - GoogleAppMeasurement
    - GoogleUtilities
    - Kingfisher
    - leveldb-library
    - nanopb
    - Nantes
    - Nuke
    - Nuke-FLAnimatedImage-Plugin
    - PureLayout
    - SnapKit
    - SwiftyJSON

EXTERNAL SOURCES:
  FLAnimatedImage:
    :git: https://github.com/Flipboard/FLAnimatedImage.git
    :tag: 1.0.14

CHECKOUT OPTIONS:
  FLAnimatedImage:
    :git: https://github.com/Flipboard/FLAnimatedImage.git
    :tag: 1.0.14

SPEC CHECKSUMS:
  Alamofire: ae5c501addb7afdbb13687d7f2f722c78734c2d3
  Firebase: 8d77bb33624ae9b62d745d82ec023de5f70f7e4f
  FirebaseAnalytics: 629301c2b9925f3537d4093a17a72751ae5b7084
  FirebaseAuthInterop: 0ffa57668be100582bb7643d4fcb7615496c41fc
  FirebaseCore: 66bdef3b310a026880e2a5bc8aa586ab62ce4543
  FirebaseDatabase: f48e067716864be2b855cf716b927ef375d6cfa0
  FirebaseInstanceID: 27bed93a59b6685f5c3e0c028a878a764fd75c33
  FLAnimatedImage: 58084d75cec819869a5ee8c76463df798dbaa906
  GoogleAppMeasurement: 51d8d9ea48f0ca44484d29cfbdef976fbd4fc336
  GoogleUtilities: 996e0db07153674fd1b54b220fda3a3dc3547cba
  Kingfisher: 43c4b802d8b5256cf1f4379e9cd10b329be6d3e2
  leveldb-library: 08cba283675b7ed2d99629a4bc5fd052cd2bb6a5
  nanopb: 2901f78ea1b7b4015c860c2fdd1ea2fee1a18d48
  Nantes: 85db7af961c30e5116ffa6ac3f74f790b5f23d90
  Nuke: 44130e95e09463f8773ae4b96b90de1eba6b3350
  Nuke-FLAnimatedImage-Plugin: bee60907311da45dd291463f41a176d50de68122
  PureLayout: f08c01b8dec00bb14a1fefa3de4c7d9c265df85e
  SnapKit: fe8a619752f3f27075cc9a90244d75c6c3f27e2a
  SwiftyJSON: c4bcba26dd9ec7a027fc8eade48e2c911f229e96

PODFILE CHECKSUM: ec5661a009094a8253748492e40fade0159846f3

COCOAPODS: 1.7.1
