PODS:
  - Alamofire (4.8.2)
  - Firebase/Core (6.2.0):
    - Firebase/CoreOnly
    - FirebaseAnalytics (= 6.0.1)
  - Firebase/CoreOnly (6.2.0):
    - FirebaseCore (= 6.0.2)
  - Firebase/Database (6.2.0):
    - Firebase/CoreOnly
    - FirebaseDatabase (~> 6.0.0)
  - FirebaseAnalytics (6.0.1):
    - FirebaseCore (~> 6.0)
    - FirebaseInstanceID (~> 4.1)
    - GoogleAppMeasurement (= 6.0.1)
    - GoogleUtilities/AppDelegateSwizzler (~> 6.0)
    - GoogleUtilities/MethodSwizzler (~> 6.0)
    - GoogleUtilities/Network (~> 6.0)
    - "GoogleUtilities/NSData+zlib (~> 6.0)"
    - nanopb (~> 0.3)
  - FirebaseAuthInterop (1.0.0)
  - FirebaseCore (6.0.2):
    - GoogleUtilities/Environment (~> 6.0)
    - GoogleUtilities/Logger (~> 6.0)
  - FirebaseDatabase (6.0.0):
    - FirebaseAuthInterop (~> 1.0)
    - FirebaseCore (~> 6.0)
    - leveldb-library (~> 1.18)
  - FirebaseInstanceID (4.1.1):
    - FirebaseCore (~> 6.0)
    - GoogleUtilities/Environment (~> 6.0)
    - GoogleUtilities/UserDefaults (~> 6.0)
  - FLAnimatedImage (1.0.14)
  - GoogleAppMeasurement (6.0.1):
    - GoogleUtilities/AppDelegateSwizzler (~> 6.0)
    - GoogleUtilities/MethodSwizzler (~> 6.0)
    - GoogleUtilities/Network (~> 6.0)
    - "GoogleUtilities/NSData+zlib (~> 6.0)"
    - nanopb (~> 0.3)
  - GoogleUtilities/AppDelegateSwizzler (6.2.0):
    - GoogleUtilities/Environment
    - GoogleUtilities/Logger
    - GoogleUtilities/Network
  - GoogleUtilities/Environment (6.2.0)
  - GoogleUtilities/Logger (6.2.0):
    - GoogleUtilities/Environment
  - GoogleUtilities/MethodSwizzler (6.2.0):
    - GoogleUtilities/Logger
  - GoogleUtilities/Network (6.2.0):
    - GoogleUtilities/Logger
    - "GoogleUtilities/NSData+zlib"
    - GoogleUtilities/Reachability
  - "GoogleUtilities/NSData+zlib (6.2.0)"
  - GoogleUtilities/Reachability (6.2.0):
    - GoogleUtilities/Logger
  - GoogleUtilities/UserDefaults (6.2.0):
    - GoogleUtilities/Logger
  - leveldb-library (1.20)
  - lottie-ios (3.1.0)
  - nanopb (0.3.901):
    - nanopb/decode (= 0.3.901)
    - nanopb/encode (= 0.3.901)
  - nanopb/decode (0.3.901)
  - nanopb/encode (0.3.901)
  - Nantes (0.0.7)
  - Nuke (7.6.3)
  - Nuke-FLAnimatedImage-Plugin (6.1):
    - FLAnimatedImage (~> 1.0)
    - Nuke (~> 7.5)
  - PureLayout (3.1.4)
  - QuickLayout (3.0.0)
  - SnapKit (4.2.0)
  - SwiftEntryKit (1.0.2):
    - QuickLayout (= 3.0.0)
  - SwiftyJSON (4.2.0)

DEPENDENCIES:
  - Alamofire
  - Firebase/Core
  - Firebase/Database
  - FLAnimatedImage (from `https://github.com/Flipboard/FLAnimatedImage.git`, tag `1.0.14`)
  - lottie-ios (= 3.1.0)
  - Nantes
  - Nuke (~> 7.6)
  - Nuke-FLAnimatedImage-Plugin
  - PureLayout
  - SnapKit (= 4.2.0)
  - SwiftEntryKit (from `https://github.com/Semty/SwiftEntryKit.git`, branch `support-of-setting-home-indicator-behaviour`)
  - SwiftyJSON (= 4.2.0)

SPEC REPOS:
  https://github.com/cocoapods/specs.git:
    - Alamofire
    - Firebase
    - FirebaseAnalytics
    - FirebaseAuthInterop
    - FirebaseCore
    - FirebaseDatabase
    - FirebaseInstanceID
    - GoogleAppMeasurement
    - GoogleUtilities
    - leveldb-library
    - lottie-ios
    - nanopb
    - Nantes
    - Nuke
    - Nuke-FLAnimatedImage-Plugin
    - PureLayout
    - QuickLayout
    - SnapKit
    - SwiftyJSON

EXTERNAL SOURCES:
  FLAnimatedImage:
    :git: https://github.com/Flipboard/FLAnimatedImage.git
    :tag: 1.0.14
  SwiftEntryKit:
    :branch: support-of-setting-home-indicator-behaviour
    :git: https://github.com/Semty/SwiftEntryKit.git

CHECKOUT OPTIONS:
  FLAnimatedImage:
    :git: https://github.com/Flipboard/FLAnimatedImage.git
    :tag: 1.0.14
  SwiftEntryKit:
    :commit: 2df7ece5966b24ca24d46e9714edf7214bb02f4f
    :git: https://github.com/Semty/SwiftEntryKit.git

SPEC CHECKSUMS:
  Alamofire: ae5c501addb7afdbb13687d7f2f722c78734c2d3
  Firebase: 5965bac23e7fcb5fa6d926ed429c9ecef8a2014e
  FirebaseAnalytics: 629301c2b9925f3537d4093a17a72751ae5b7084
  FirebaseAuthInterop: 0ffa57668be100582bb7643d4fcb7615496c41fc
  FirebaseCore: b0f0262acebfa540e5f97b3832dbb13186980822
  FirebaseDatabase: f48e067716864be2b855cf716b927ef375d6cfa0
  FirebaseInstanceID: cdb3827746d53ece7ae87a5c51c25c3055443366
  FLAnimatedImage: 58084d75cec819869a5ee8c76463df798dbaa906
  GoogleAppMeasurement: 51d8d9ea48f0ca44484d29cfbdef976fbd4fc336
  GoogleUtilities: 996e0db07153674fd1b54b220fda3a3dc3547cba
  leveldb-library: 08cba283675b7ed2d99629a4bc5fd052cd2bb6a5
  lottie-ios: 9467723922dfff46f6d4e3019c32594a62440b7c
  nanopb: 2901f78ea1b7b4015c860c2fdd1ea2fee1a18d48
  Nantes: 85db7af961c30e5116ffa6ac3f74f790b5f23d90
  Nuke: 44130e95e09463f8773ae4b96b90de1eba6b3350
  Nuke-FLAnimatedImage-Plugin: bee60907311da45dd291463f41a176d50de68122
  PureLayout: f08c01b8dec00bb14a1fefa3de4c7d9c265df85e
  QuickLayout: 07b45a72b10083fee3f095990cfed1c1e7b27f0a
  SnapKit: fe8a619752f3f27075cc9a90244d75c6c3f27e2a
  SwiftEntryKit: 2e20ae0608f50ad8c9cb79341e422c1c374b182f
  SwiftyJSON: c4bcba26dd9ec7a027fc8eade48e2c911f229e96

PODFILE CHECKSUM: 2a9c3268457a0d349f725ade8ccc4cdad206f634

COCOAPODS: 1.7.1
